// !$*UTF8*$!
{
	archiveVersion = 1;
	classes = {
	};
	objectVersion = 56;
	objects = {

/* Begin PBXBuildFile section */
		08AB17362ABBCCE300813AA4 /* Ahavat_YeshuaApp.swift in Sources */ = {isa = PBXBuildFile; fileRef = 08AB17352ABBCCE300813AA4 /* Ahavat_YeshuaApp.swift */; };
		08AB17382ABBCCE300813AA4 /* ContentView.swift in Sources */ = {isa = PBXBuildFile; fileRef = 08AB17372ABBCCE300813AA4 /* ContentView.swift */; };
		08AB173A2ABBCCE400813AA4 /* Assets.xcassets in Resources */ = {isa = PBXBuildFile; fileRef = 08AB17392ABBCCE400813AA4 /* Assets.xcassets */; };
		08AB173D2ABBCCE400813AA4 /* Preview Assets.xcassets in Resources */ = {isa = PBXBuildFile; fileRef = 08AB173C2ABBCCE400813AA4 /* Preview Assets.xcassets */; };
		08AB17452ABBCF2E00813AA4 /* HomeView.swift in Sources */ = {isa = PBXBuildFile; fileRef = 08AB17442ABBCF2E00813AA4 /* HomeView.swift */; };
		08AB17472ABBCFBA00813AA4 /* BibleStudyView.swift in Sources */ = {isa = PBXBuildFile; fileRef = 08AB17462ABBCFBA00813AA4 /* BibleStudyView.swift */; };
		08AB17492ABBD00900813AA4 /* ExploreView.swift in Sources */ = {isa = PBXBuildFile; fileRef = 08AB17482ABBD00900813AA4 /* ExploreView.swift */; };
		08AB174D2ABBD18F00813AA4 /* TabBarItem.swift in Sources */ = {isa = PBXBuildFile; fileRef = 08AB174C2ABBD18F00813AA4 /* TabBarItem.swift */; };
		08AB174F2ABBD1EC00813AA4 /* SFSymbols.swift in Sources */ = {isa = PBXBuildFile; fileRef = 08AB174E2ABBD1EC00813AA4 /* SFSymbols.swift */; };
		08AB17542ABBD96700813AA4 /* WebView.swift in Sources */ = {isa = PBXBuildFile; fileRef = 08AB17532ABBD96700813AA4 /* WebView.swift */; };
		08AB175A2ABBE37300813AA4 /* WebViewRepresentable.swift in Sources */ = {isa = PBXBuildFile; fileRef = 08AB17592ABBE37300813AA4 /* WebViewRepresentable.swift */; };
		08AB175E2ABBEFF700813AA4 /* BibleReadingView.swift in Sources */ = {isa = PBXBuildFile; fileRef = 08AB175D2ABBEFF700813AA4 /* BibleReadingView.swift */; };
		08AB17602ABBF02D00813AA4 /* ProfileView.swift in Sources */ = {isa = PBXBuildFile; fileRef = 08AB175F2ABBF02D00813AA4 /* ProfileView.swift */; };
		08AB17622ABBF03F00813AA4 /* DonationView.swift in Sources */ = {isa = PBXBuildFile; fileRef = 08AB17612ABBF03F00813AA4 /* DonationView.swift */; };
		08AB17642ABBF04E00813AA4 /* LiveStreamView.swift in Sources */ = {isa = PBXBuildFile; fileRef = 08AB17632ABBF04E00813AA4 /* LiveStreamView.swift */; };
		08AB17662ABBF95A00813AA4 /* ChurchInformationView.swift in Sources */ = {isa = PBXBuildFile; fileRef = 08AB17652ABBF95A00813AA4 /* ChurchInformationView.swift */; };
		08AB17682ABBF99C00813AA4 /* PersonalInformationView.swift in Sources */ = {isa = PBXBuildFile; fileRef = 08AB17672ABBF99C00813AA4 /* PersonalInformationView.swift */; };
/* End PBXBuildFile section */

/* Begin PBXFileReference section */
		08AB17322ABBCCE300813AA4 /* Ahavat Yeshua.app */ = {isa = PBXFileReference; explicitFileType = wrapper.application; includeInIndex = 0; path = "Ahavat Yeshua.app"; sourceTree = BUILT_PRODUCTS_DIR; };
		08AB17352ABBCCE300813AA4 /* Ahavat_YeshuaApp.swift */ = {isa = PBXFileReference; lastKnownFileType = sourcecode.swift; path = Ahavat_YeshuaApp.swift; sourceTree = "<group>"; };
		08AB17372ABBCCE300813AA4 /* ContentView.swift */ = {isa = PBXFileReference; lastKnownFileType = sourcecode.swift; path = ContentView.swift; sourceTree = "<group>"; };
		08AB17392ABBCCE400813AA4 /* Assets.xcassets */ = {isa = PBXFileReference; lastKnownFileType = folder.assetcatalog; path = Assets.xcassets; sourceTree = "<group>"; };
		08AB173C2ABBCCE400813AA4 /* Preview Assets.xcassets */ = {isa = PBXFileReference; lastKnownFileType = folder.assetcatalog; path = "Preview Assets.xcassets"; sourceTree = "<group>"; };
		08AB17442ABBCF2E00813AA4 /* HomeView.swift */ = {isa = PBXFileReference; lastKnownFileType = sourcecode.swift; path = HomeView.swift; sourceTree = "<group>"; };
		08AB17462ABBCFBA00813AA4 /* BibleStudyView.swift */ = {isa = PBXFileReference; lastKnownFileType = sourcecode.swift; path = BibleStudyView.swift; sourceTree = "<group>"; };
		08AB17482ABBD00900813AA4 /* ExploreView.swift */ = {isa = PBXFileReference; lastKnownFileType = sourcecode.swift; path = ExploreView.swift; sourceTree = "<group>"; };
		08AB174C2ABBD18F00813AA4 /* TabBarItem.swift */ = {isa = PBXFileReference; lastKnownFileType = sourcecode.swift; path = TabBarItem.swift; sourceTree = "<group>"; };
		08AB174E2ABBD1EC00813AA4 /* SFSymbols.swift */ = {isa = PBXFileReference; lastKnownFileType = sourcecode.swift; path = SFSymbols.swift; sourceTree = "<group>"; };
		08AB17532ABBD96700813AA4 /* WebView.swift */ = {isa = PBXFileReference; lastKnownFileType = sourcecode.swift; path = WebView.swift; sourceTree = "<group>"; };
		08AB17592ABBE37300813AA4 /* WebViewRepresentable.swift */ = {isa = PBXFileReference; lastKnownFileType = sourcecode.swift; path = WebViewRepresentable.swift; sourceTree = "<group>"; };
		08AB175D2ABBEFF700813AA4 /* BibleReadingView.swift */ = {isa = PBXFileReference; lastKnownFileType = sourcecode.swift; path = BibleReadingView.swift; sourceTree = "<group>"; };
		08AB175F2ABBF02D00813AA4 /* ProfileView.swift */ = {isa = PBXFileReference; lastKnownFileType = sourcecode.swift; path = ProfileView.swift; sourceTree = "<group>"; };
		08AB17612ABBF03F00813AA4 /* DonationView.swift */ = {isa = PBXFileReference; lastKnownFileType = sourcecode.swift; path = DonationView.swift; sourceTree = "<group>"; };
		08AB17632ABBF04E00813AA4 /* LiveStreamView.swift */ = {isa = PBXFileReference; lastKnownFileType = sourcecode.swift; path = LiveStreamView.swift; sourceTree = "<group>"; };
		08AB17652ABBF95A00813AA4 /* ChurchInformationView.swift */ = {isa = PBXFileReference; lastKnownFileType = sourcecode.swift; path = ChurchInformationView.swift; sourceTree = "<group>"; };
		08AB17672ABBF99C00813AA4 /* PersonalInformationView.swift */ = {isa = PBXFileReference; lastKnownFileType = sourcecode.swift; path = PersonalInformationView.swift; sourceTree = "<group>"; };
/* End PBXFileReference section */

/* Begin PBXFrameworksBuildPhase section */
		08AB172F2ABBCCE300813AA4 /* Frameworks */ = {
			isa = PBXFrameworksBuildPhase;
			buildActionMask = 2147483647;
			files = (
			);
			runOnlyForDeploymentPostprocessing = 0;
		};
/* End PBXFrameworksBuildPhase section */

/* Begin PBXGroup section */
		08AB17292ABBCCE300813AA4 = {
			isa = PBXGroup;
			children = (
				08AB17342ABBCCE300813AA4 /* Ahavat Yeshua */,
				08AB17332ABBCCE300813AA4 /* Products */,
			);
			sourceTree = "<group>";
		};
		08AB17332ABBCCE300813AA4 /* Products */ = {
			isa = PBXGroup;
			children = (
				08AB17322ABBCCE300813AA4 /* Ahavat Yeshua.app */,
			);
			name = Products;
			sourceTree = "<group>";
		};
		08AB17342ABBCCE300813AA4 /* Ahavat Yeshua */ = {
			isa = PBXGroup;
			children = (
				08AB174A2ABBD04100813AA4 /* Foundation */,
				08AB17432ABBCF0F00813AA4 /* Views */,
				08AB17352ABBCCE300813AA4 /* Ahavat_YeshuaApp.swift */,
				08AB17372ABBCCE300813AA4 /* ContentView.swift */,
				08AB17392ABBCCE400813AA4 /* Assets.xcassets */,
				08AB173B2ABBCCE400813AA4 /* Preview Content */,
			);
			path = "Ahavat Yeshua";
			sourceTree = "<group>";
		};
		08AB173B2ABBCCE400813AA4 /* Preview Content */ = {
			isa = PBXGroup;
			children = (
				08AB173C2ABBCCE400813AA4 /* Preview Assets.xcassets */,
			);
			path = "Preview Content";
			sourceTree = "<group>";
		};
		08AB17432ABBCF0F00813AA4 /* Views */ = {
			isa = PBXGroup;
			children = (
				08AB175C2ABBEFE400813AA4 /* HomeView */,
				08AB175B2ABBEFC900813AA4 /* TabBarView */,
			);
			path = Views;
			sourceTree = "<group>";
		};
		08AB174A2ABBD04100813AA4 /* Foundation */ = {
			isa = PBXGroup;
			children = (
				08AB174B2ABBD04F00813AA4 /* UserInterface */,
			);
			path = Foundation;
			sourceTree = "<group>";
		};
		08AB174B2ABBD04F00813AA4 /* UserInterface */ = {
			isa = PBXGroup;
			children = (
				08AB17522ABBD95100813AA4 /* WebView */,
				08AB174C2ABBD18F00813AA4 /* TabBarItem.swift */,
				08AB174E2ABBD1EC00813AA4 /* SFSymbols.swift */,
			);
			path = UserInterface;
			sourceTree = "<group>";
		};
		08AB17522ABBD95100813AA4 /* WebView */ = {
			isa = PBXGroup;
			children = (
				08AB17532ABBD96700813AA4 /* WebView.swift */,
				08AB17592ABBE37300813AA4 /* WebViewRepresentable.swift */,
			);
			path = WebView;
			sourceTree = "<group>";
		};
		08AB175B2ABBEFC900813AA4 /* TabBarView */ = {
			isa = PBXGroup;
			children = (
				08AB17462ABBCFBA00813AA4 /* BibleStudyView.swift */,
				08AB17482ABBD00900813AA4 /* ExploreView.swift */,
				08AB17442ABBCF2E00813AA4 /* HomeView.swift */,
			);
			path = TabBarView;
			sourceTree = "<group>";
		};
		08AB175C2ABBEFE400813AA4 /* HomeView */ = {
			isa = PBXGroup;
			children = (
				08AB175D2ABBEFF700813AA4 /* BibleReadingView.swift */,
				08AB175F2ABBF02D00813AA4 /* ProfileView.swift */,
				08AB17612ABBF03F00813AA4 /* DonationView.swift */,
				08AB17632ABBF04E00813AA4 /* LiveStreamView.swift */,
				08AB17652ABBF95A00813AA4 /* ChurchInformationView.swift */,
				08AB17672ABBF99C00813AA4 /* PersonalInformationView.swift */,
			);
			path = HomeView;
			sourceTree = "<group>";
		};
/* End PBXGroup section */

/* Begin PBXNativeTarget section */
		08AB17312ABBCCE300813AA4 /* Ahavat Yeshua */ = {
			isa = PBXNativeTarget;
			buildConfigurationList = 08AB17402ABBCCE400813AA4 /* Build configuration list for PBXNativeTarget "Ahavat Yeshua" */;
			buildPhases = (
				08AB172E2ABBCCE300813AA4 /* Sources */,
				08AB172F2ABBCCE300813AA4 /* Frameworks */,
				08AB17302ABBCCE300813AA4 /* Resources */,
			);
			buildRules = (
			);
			dependencies = (
			);
			name = "Ahavat Yeshua";
			productName = "Ahavat Yeshua";
			productReference = 08AB17322ABBCCE300813AA4 /* Ahavat Yeshua.app */;
			productType = "com.apple.product-type.application";
		};
/* End PBXNativeTarget section */

/* Begin PBXProject section */
		08AB172A2ABBCCE300813AA4 /* Project object */ = {
			isa = PBXProject;
			attributes = {
				BuildIndependentTargetsInParallel = 1;
				LastSwiftUpdateCheck = 1500;
				LastUpgradeCheck = 1500;
				TargetAttributes = {
					08AB17312ABBCCE300813AA4 = {
						CreatedOnToolsVersion = 15.0;
					};
				};
			};
			buildConfigurationList = 08AB172D2ABBCCE300813AA4 /* Build configuration list for PBXProject "Ahavat Yeshua" */;
			compatibilityVersion = "Xcode 14.0";
			developmentRegion = en;
			hasScannedForEncodings = 0;
			knownRegions = (
				en,
				Base,
			);
			mainGroup = 08AB17292ABBCCE300813AA4;
			productRefGroup = 08AB17332ABBCCE300813AA4 /* Products */;
			projectDirPath = "";
			projectRoot = "";
			targets = (
				08AB17312ABBCCE300813AA4 /* Ahavat Yeshua */,
			);
		};
/* End PBXProject section */

/* Begin PBXResourcesBuildPhase section */
		08AB17302ABBCCE300813AA4 /* Resources */ = {
			isa = PBXResourcesBuildPhase;
			buildActionMask = 2147483647;
			files = (
				08AB173D2ABBCCE400813AA4 /* Preview Assets.xcassets in Resources */,
				08AB173A2ABBCCE400813AA4 /* Assets.xcassets in Resources */,
			);
			runOnlyForDeploymentPostprocessing = 0;
		};
/* End PBXResourcesBuildPhase section */

/* Begin PBXSourcesBuildPhase section */
		08AB172E2ABBCCE300813AA4 /* Sources */ = {
			isa = PBXSourcesBuildPhase;
			buildActionMask = 2147483647;
			files = (
				08AB17622ABBF03F00813AA4 /* DonationView.swift in Sources */,
				08AB175A2ABBE37300813AA4 /* WebViewRepresentable.swift in Sources */,
				08AB174D2ABBD18F00813AA4 /* TabBarItem.swift in Sources */,
				08AB17542ABBD96700813AA4 /* WebView.swift in Sources */,
				08AB17452ABBCF2E00813AA4 /* HomeView.swift in Sources */,
				08AB17472ABBCFBA00813AA4 /* BibleStudyView.swift in Sources */,
				08AB174F2ABBD1EC00813AA4 /* SFSymbols.swift in Sources */,
				08AB17382ABBCCE300813AA4 /* ContentView.swift in Sources */,
				08AB175E2ABBEFF700813AA4 /* BibleReadingView.swift in Sources */,
				08AB17642ABBF04E00813AA4 /* LiveStreamView.swift in Sources */,
				08AB17662ABBF95A00813AA4 /* ChurchInformationView.swift in Sources */,
				08AB17682ABBF99C00813AA4 /* PersonalInformationView.swift in Sources */,
				08AB17362ABBCCE300813AA4 /* Ahavat_YeshuaApp.swift in Sources */,
				08AB17602ABBF02D00813AA4 /* ProfileView.swift in Sources */,
				08AB17492ABBD00900813AA4 /* ExploreView.swift in Sources */,
			);
			runOnlyForDeploymentPostprocessing = 0;
		};
/* End PBXSourcesBuildPhase section */

/* Begin XCBuildConfiguration section */
		08AB173E2ABBCCE400813AA4 /* Debug */ = {
			isa = XCBuildConfiguration;
			buildSettings = {
				ALWAYS_SEARCH_USER_PATHS = NO;
				ASSETCATALOG_COMPILER_GENERATE_SWIFT_ASSET_SYMBOL_EXTENSIONS = YES;
				CLANG_ANALYZER_NONNULL = YES;
				CLANG_ANALYZER_NUMBER_OBJECT_CONVERSION = YES_AGGRESSIVE;
				CLANG_CXX_LANGUAGE_STANDARD = "gnu++20";
				CLANG_ENABLE_MODULES = YES;
				CLANG_ENABLE_OBJC_ARC = YES;
				CLANG_ENABLE_OBJC_WEAK = YES;
				CLANG_WARN_BLOCK_CAPTURE_AUTORELEASING = YES;
				CLANG_WARN_BOOL_CONVERSION = YES;
				CLANG_WARN_COMMA = YES;
				CLANG_WARN_CONSTANT_CONVERSION = YES;
				CLANG_WARN_DEPRECATED_OBJC_IMPLEMENTATIONS = YES;
				CLANG_WARN_DIRECT_OBJC_ISA_USAGE = YES_ERROR;
				CLANG_WARN_DOCUMENTATION_COMMENTS = YES;
				CLANG_WARN_EMPTY_BODY = YES;
				CLANG_WARN_ENUM_CONVERSION = YES;
				CLANG_WARN_INFINITE_RECURSION = YES;
				CLANG_WARN_INT_CONVERSION = YES;
				CLANG_WARN_NON_LITERAL_NULL_CONVERSION = YES;
				CLANG_WARN_OBJC_IMPLICIT_RETAIN_SELF = YES;
				CLANG_WARN_OBJC_LITERAL_CONVERSION = YES;
				CLANG_WARN_OBJC_ROOT_CLASS = YES_ERROR;
				CLANG_WARN_QUOTED_INCLUDE_IN_FRAMEWORK_HEADER = YES;
				CLANG_WARN_RANGE_LOOP_ANALYSIS = YES;
				CLANG_WARN_STRICT_PROTOTYPES = YES;
				CLANG_WARN_SUSPICIOUS_MOVE = YES;
				CLANG_WARN_UNGUARDED_AVAILABILITY = YES_AGGRESSIVE;
				CLANG_WARN_UNREACHABLE_CODE = YES;
				CLANG_WARN__DUPLICATE_METHOD_MATCH = YES;
				COPY_PHASE_STRIP = NO;
				DEBUG_INFORMATION_FORMAT = dwarf;
				ENABLE_STRICT_OBJC_MSGSEND = YES;
				ENABLE_TESTABILITY = YES;
				ENABLE_USER_SCRIPT_SANDBOXING = YES;
				GCC_C_LANGUAGE_STANDARD = gnu17;
				GCC_DYNAMIC_NO_PIC = NO;
				GCC_NO_COMMON_BLOCKS = YES;
				GCC_OPTIMIZATION_LEVEL = 0;
				GCC_PREPROCESSOR_DEFINITIONS = (
					"DEBUG=1",
					"$(inherited)",
				);
				GCC_WARN_64_TO_32_BIT_CONVERSION = YES;
				GCC_WARN_ABOUT_RETURN_TYPE = YES_ERROR;
				GCC_WARN_UNDECLARED_SELECTOR = YES;
				GCC_WARN_UNINITIALIZED_AUTOS = YES_AGGRESSIVE;
				GCC_WARN_UNUSED_FUNCTION = YES;
				GCC_WARN_UNUSED_VARIABLE = YES;
				IPHONEOS_DEPLOYMENT_TARGET = 16.6;
				LOCALIZATION_PREFERS_STRING_CATALOGS = YES;
				MTL_ENABLE_DEBUG_INFO = INCLUDE_SOURCE;
				MTL_FAST_MATH = YES;
				ONLY_ACTIVE_ARCH = YES;
				SDKROOT = iphoneos;
				SWIFT_ACTIVE_COMPILATION_CONDITIONS = "DEBUG $(inherited)";
				SWIFT_OPTIMIZATION_LEVEL = "-Onone";
			};
			name = Debug;
		};
		08AB173F2ABBCCE400813AA4 /* Release */ = {
			isa = XCBuildConfiguration;
			buildSettings = {
				ALWAYS_SEARCH_USER_PATHS = NO;
				ASSETCATALOG_COMPILER_GENERATE_SWIFT_ASSET_SYMBOL_EXTENSIONS = YES;
				CLANG_ANALYZER_NONNULL = YES;
				CLANG_ANALYZER_NUMBER_OBJECT_CONVERSION = YES_AGGRESSIVE;
				CLANG_CXX_LANGUAGE_STANDARD = "gnu++20";
				CLANG_ENABLE_MODULES = YES;
				CLANG_ENABLE_OBJC_ARC = YES;
				CLANG_ENABLE_OBJC_WEAK = YES;
				CLANG_WARN_BLOCK_CAPTURE_AUTORELEASING = YES;
				CLANG_WARN_BOOL_CONVERSION = YES;
				CLANG_WARN_COMMA = YES;
				CLANG_WARN_CONSTANT_CONVERSION = YES;
				CLANG_WARN_DEPRECATED_OBJC_IMPLEMENTATIONS = YES;
				CLANG_WARN_DIRECT_OBJC_ISA_USAGE = YES_ERROR;
				CLANG_WARN_DOCUMENTATION_COMMENTS = YES;
				CLANG_WARN_EMPTY_BODY = YES;
				CLANG_WARN_ENUM_CONVERSION = YES;
				CLANG_WARN_INFINITE_RECURSION = YES;
				CLANG_WARN_INT_CONVERSION = YES;
				CLANG_WARN_NON_LITERAL_NULL_CONVERSION = YES;
				CLANG_WARN_OBJC_IMPLICIT_RETAIN_SELF = YES;
				CLANG_WARN_OBJC_LITERAL_CONVERSION = YES;
				CLANG_WARN_OBJC_ROOT_CLASS = YES_ERROR;
				CLANG_WARN_QUOTED_INCLUDE_IN_FRAMEWORK_HEADER = YES;
				CLANG_WARN_RANGE_LOOP_ANALYSIS = YES;
				CLANG_WARN_STRICT_PROTOTYPES = YES;
				CLANG_WARN_SUSPICIOUS_MOVE = YES;
				CLANG_WARN_UNGUARDED_AVAILABILITY = YES_AGGRESSIVE;
				CLANG_WARN_UNREACHABLE_CODE = YES;
				CLANG_WARN__DUPLICATE_METHOD_MATCH = YES;
				COPY_PHASE_STRIP = NO;
				DEBUG_INFORMATION_FORMAT = "dwarf-with-dsym";
				ENABLE_NS_ASSERTIONS = NO;
				ENABLE_STRICT_OBJC_MSGSEND = YES;
				ENABLE_USER_SCRIPT_SANDBOXING = YES;
				GCC_C_LANGUAGE_STANDARD = gnu17;
				GCC_NO_COMMON_BLOCKS = YES;
				GCC_WARN_64_TO_32_BIT_CONVERSION = YES;
				GCC_WARN_ABOUT_RETURN_TYPE = YES_ERROR;
				GCC_WARN_UNDECLARED_SELECTOR = YES;
				GCC_WARN_UNINITIALIZED_AUTOS = YES_AGGRESSIVE;
				GCC_WARN_UNUSED_FUNCTION = YES;
				GCC_WARN_UNUSED_VARIABLE = YES;
				IPHONEOS_DEPLOYMENT_TARGET = 16.6;
				LOCALIZATION_PREFERS_STRING_CATALOGS = YES;
				MTL_ENABLE_DEBUG_INFO = NO;
				MTL_FAST_MATH = YES;
				SDKROOT = iphoneos;
				SWIFT_COMPILATION_MODE = wholemodule;
				VALIDATE_PRODUCT = YES;
			};
			name = Release;
		};
		08AB17412ABBCCE400813AA4 /* Debug */ = {
			isa = XCBuildConfiguration;
			buildSettings = {
				ASSETCATALOG_COMPILER_APPICON_NAME = AppIcon;
				ASSETCATALOG_COMPILER_GLOBAL_ACCENT_COLOR_NAME = AccentColor;
				CODE_SIGN_STYLE = Automatic;
				CURRENT_PROJECT_VERSION = 1;
				DEVELOPMENT_ASSET_PATHS = "\"Ahavat Yeshua/Preview Content\"";
				DEVELOPMENT_TEAM = 25DZPJJA4Y;
				ENABLE_PREVIEWS = YES;
				GENERATE_INFOPLIST_FILE = YES;
				INFOPLIST_KEY_UIApplicationSceneManifest_Generation = YES;
				INFOPLIST_KEY_UIApplicationSupportsIndirectInputEvents = YES;
				INFOPLIST_KEY_UILaunchScreen_Generation = YES;
				INFOPLIST_KEY_UIStatusBarStyle = UIStatusBarStyleLightContent;
				INFOPLIST_KEY_UISupportedInterfaceOrientations = UIInterfaceOrientationPortrait;
				INFOPLIST_KEY_UIUserInterfaceStyle = Light;
				IPHONEOS_DEPLOYMENT_TARGET = 16.6;
				LD_RUNPATH_SEARCH_PATHS = (
					"$(inherited)",
					"@executable_path/Frameworks",
				);
				MARKETING_VERSION = 1.0;
				PRODUCT_BUNDLE_IDENTIFIER = "com.ipavlov.Ahavat-Yeshua";
				PRODUCT_NAME = "$(TARGET_NAME)";
				SWIFT_EMIT_LOC_STRINGS = YES;
				SWIFT_VERSION = 5.0;
				TARGETED_DEVICE_FAMILY = "1,2";
			};
			name = Debug;
		};
		08AB17422ABBCCE400813AA4 /* Release */ = {
			isa = XCBuildConfiguration;
			buildSettings = {
				ASSETCATALOG_COMPILER_APPICON_NAME = AppIcon;
				ASSETCATALOG_COMPILER_GLOBAL_ACCENT_COLOR_NAME = AccentColor;
				CODE_SIGN_STYLE = Automatic;
				CURRENT_PROJECT_VERSION = 1;
				DEVELOPMENT_ASSET_PATHS = "\"Ahavat Yeshua/Preview Content\"";
				DEVELOPMENT_TEAM = 25DZPJJA4Y;
				ENABLE_PREVIEWS = YES;
				GENERATE_INFOPLIST_FILE = YES;
				INFOPLIST_KEY_UIApplicationSceneManifest_Generation = YES;
				INFOPLIST_KEY_UIApplicationSupportsIndirectInputEvents = YES;
				INFOPLIST_KEY_UILaunchScreen_Generation = YES;
				INFOPLIST_KEY_UIStatusBarStyle = UIStatusBarStyleLightContent;
				INFOPLIST_KEY_UISupportedInterfaceOrientations = UIInterfaceOrientationPortrait;
				INFOPLIST_KEY_UIUserInterfaceStyle = Light;
				IPHONEOS_DEPLOYMENT_TARGET = 16.6;
				LD_RUNPATH_SEARCH_PATHS = (
					"$(inherited)",
					"@executable_path/Frameworks",
				);
				MARKETING_VERSION = 1.0;
				PRODUCT_BUNDLE_IDENTIFIER = "com.ipavlov.Ahavat-Yeshua";
				PRODUCT_NAME = "$(TARGET_NAME)";
				SWIFT_EMIT_LOC_STRINGS = YES;
				SWIFT_VERSION = 5.0;
				TARGETED_DEVICE_FAMILY = "1,2";
			};
			name = Release;
		};
/* End XCBuildConfiguration section */

/* Begin XCConfigurationList section */
		08AB172D2ABBCCE300813AA4 /* Build configuration list for PBXProject "Ahavat Yeshua" */ = {
			isa = XCConfigurationList;
			buildConfigurations = (
				08AB173E2ABBCCE400813AA4 /* Debug */,
				08AB173F2ABBCCE400813AA4 /* Release */,
			);
			defaultConfigurationIsVisible = 0;
			defaultConfigurationName = Release;
		};
		08AB17402ABBCCE400813AA4 /* Build configuration list for PBXNativeTarget "Ahavat Yeshua" */ = {
			isa = XCConfigurationList;
			buildConfigurations = (
				08AB17412ABBCCE400813AA4 /* Debug */,
				08AB17422ABBCCE400813AA4 /* Release */,
			);
			defaultConfigurationIsVisible = 0;
			defaultConfigurationName = Release;
		};
/* End XCConfigurationList section */
	};
	rootObject = 08AB172A2ABBCCE300813AA4 /* Project object */;
}
