// !$*UTF8*$!
{
	archiveVersion = 1;
	classes = {
	};
	objectVersion = 56;
	objects = {

/* Begin PBXBuildFile section */
		081715AF2B87DEAA00CBC667 /* UITests.swift in Sources */ = {isa = PBXBuildFile; fileRef = 081715AE2B87DEAA00CBC667 /* UITests.swift */; };
		086EE0652DB1C876007515C6 /* TodoView.swift in Sources */ = {isa = PBXBuildFile; fileRef = 086EE0642DB1C876007515C6 /* TodoView.swift */; };
		086EE0672DB1CA17007515C6 /* MultiSelectionView.swift in Sources */ = {isa = PBXBuildFile; fileRef = 086EE0662DB1CA17007515C6 /* MultiSelectionView.swift */; };
		086EE06A2DB1CB90007515C6 /* SelectionSummaryView.swift in Sources */ = {isa = PBXBuildFile; fileRef = 086EE0692DB1CB90007515C6 /* SelectionSummaryView.swift */; };
		086EE0772DB1E86C007515C6 /* WidgetKit.framework in Frameworks */ = {isa = PBXBuildFile; fileRef = 086EE0762DB1E86C007515C6 /* WidgetKit.framework */; };
		086EE0792DB1E86C007515C6 /* SwiftUI.framework in Frameworks */ = {isa = PBXBuildFile; fileRef = 086EE0782DB1E86C007515C6 /* SwiftUI.framework */; };
		086EE07C2DB1E86C007515C6 /* Ahavat_Yeshua_WidgetBundle.swift in Sources */ = {isa = PBXBuildFile; fileRef = 086EE07B2DB1E86C007515C6 /* Ahavat_Yeshua_WidgetBundle.swift */; };
		086EE07E2DB1E86C007515C6 /* Ahavat_Yeshua_WidgetLiveActivity.swift in Sources */ = {isa = PBXBuildFile; fileRef = 086EE07D2DB1E86C007515C6 /* Ahavat_Yeshua_WidgetLiveActivity.swift */; };
		086EE0802DB1E86C007515C6 /* Ahavat_Yeshua_Widget.swift in Sources */ = {isa = PBXBuildFile; fileRef = 086EE07F2DB1E86C007515C6 /* Ahavat_Yeshua_Widget.swift */; };
		086EE0822DB1E86C007515C6 /* AppIntent.swift in Sources */ = {isa = PBXBuildFile; fileRef = 086EE0812DB1E86C007515C6 /* AppIntent.swift */; };
		086EE0842DB1E86E007515C6 /* Assets.xcassets in Resources */ = {isa = PBXBuildFile; fileRef = 086EE0832DB1E86E007515C6 /* Assets.xcassets */; };
		086EE0882DB1E86E007515C6 /* Ahavat Yeshua WidgetExtension.appex in Embed Foundation Extensions */ = {isa = PBXBuildFile; fileRef = 086EE0742DB1E86C007515C6 /* Ahavat Yeshua WidgetExtension.appex */; settings = {ATTRIBUTES = (RemoveHeadersOnCopy, ); }; };
		08AB17362ABBCCE300813AA4 /* Ahavat_YeshuaApp.swift in Sources */ = {isa = PBXBuildFile; fileRef = 08AB17352ABBCCE300813AA4 /* Ahavat_YeshuaApp.swift */; };
		08AB17382ABBCCE300813AA4 /* ContentView.swift in Sources */ = {isa = PBXBuildFile; fileRef = 08AB17372ABBCCE300813AA4 /* ContentView.swift */; };
		08AB173A2ABBCCE400813AA4 /* Assets.xcassets in Resources */ = {isa = PBXBuildFile; fileRef = 08AB17392ABBCCE400813AA4 /* Assets.xcassets */; };
		08AB173D2ABBCCE400813AA4 /* Preview Assets.xcassets in Resources */ = {isa = PBXBuildFile; fileRef = 08AB173C2ABBCCE400813AA4 /* Preview Assets.xcassets */; };
		08AB17452ABBCF2E00813AA4 /* HomeView.swift in Sources */ = {isa = PBXBuildFile; fileRef = 08AB17442ABBCF2E00813AA4 /* HomeView.swift */; };
		08AB17472ABBCFBA00813AA4 /* BibleStudyView.swift in Sources */ = {isa = PBXBuildFile; fileRef = 08AB17462ABBCFBA00813AA4 /* BibleStudyView.swift */; };
		08AB17492ABBD00900813AA4 /* ExploreView.swift in Sources */ = {isa = PBXBuildFile; fileRef = 08AB17482ABBD00900813AA4 /* ExploreView.swift */; };
		08AB174D2ABBD18F00813AA4 /* TabBarItem.swift in Sources */ = {isa = PBXBuildFile; fileRef = 08AB174C2ABBD18F00813AA4 /* TabBarItem.swift */; };
		08AB174F2ABBD1EC00813AA4 /* SFSymbols.swift in Sources */ = {isa = PBXBuildFile; fileRef = 08AB174E2ABBD1EC00813AA4 /* SFSymbols.swift */; };
		08AB17542ABBD96700813AA4 /* WebView.swift in Sources */ = {isa = PBXBuildFile; fileRef = 08AB17532ABBD96700813AA4 /* WebView.swift */; };
		08AB175A2ABBE37300813AA4 /* WebViewRepresentable.swift in Sources */ = {isa = PBXBuildFile; fileRef = 08AB17592ABBE37300813AA4 /* WebViewRepresentable.swift */; };
		08AB175E2ABBEFF700813AA4 /* BibleReadingView.swift in Sources */ = {isa = PBXBuildFile; fileRef = 08AB175D2ABBEFF700813AA4 /* BibleReadingView.swift */; };
		08AB17602ABBF02D00813AA4 /* ProfileView.swift in Sources */ = {isa = PBXBuildFile; fileRef = 08AB175F2ABBF02D00813AA4 /* ProfileView.swift */; };
		08AB17622ABBF03F00813AA4 /* DonationView.swift in Sources */ = {isa = PBXBuildFile; fileRef = 08AB17612ABBF03F00813AA4 /* DonationView.swift */; };
		08AB17642ABBF04E00813AA4 /* LiveStreamView.swift in Sources */ = {isa = PBXBuildFile; fileRef = 08AB17632ABBF04E00813AA4 /* LiveStreamView.swift */; };
		08AB17662ABBF95A00813AA4 /* ChurchInformationView.swift in Sources */ = {isa = PBXBuildFile; fileRef = 08AB17652ABBF95A00813AA4 /* ChurchInformationView.swift */; };
		08AB17682ABBF99C00813AA4 /* PersonalInformationView.swift in Sources */ = {isa = PBXBuildFile; fileRef = 08AB17672ABBF99C00813AA4 /* PersonalInformationView.swift */; };
		08AB176A2ABD167500813AA4 /* SingleRow.swift in Sources */ = {isa = PBXBuildFile; fileRef = 08AB17692ABD167500813AA4 /* SingleRow.swift */; };
		08AB176C2ABD173800813AA4 /* SingleRowLink.swift in Sources */ = {isa = PBXBuildFile; fileRef = 08AB176B2ABD173800813AA4 /* SingleRowLink.swift */; };
		08AB176E2ABD1A1A00813AA4 /* SquareView.swift in Sources */ = {isa = PBXBuildFile; fileRef = 08AB176D2ABD1A1A00813AA4 /* SquareView.swift */; };
		08AB17712ABD1B2200813AA4 /* ChurchInfoContext.swift in Sources */ = {isa = PBXBuildFile; fileRef = 08AB17702ABD1B2200813AA4 /* ChurchInfoContext.swift */; };
		08AB17782ABD294100813AA4 /* EmailInputView.swift in Sources */ = {isa = PBXBuildFile; fileRef = 08AB17772ABD294100813AA4 /* EmailInputView.swift */; };
		08AB177A2ABD2A9300813AA4 /* DOBView.swift in Sources */ = {isa = PBXBuildFile; fileRef = 08AB17792ABD2A9300813AA4 /* DOBView.swift */; };
		08AB177D2ABD2E7800813AA4 /* UserSettings.swift in Sources */ = {isa = PBXBuildFile; fileRef = 08AB177C2ABD2E7800813AA4 /* UserSettings.swift */; };
		08AB17802ABD351600813AA4 /* BibleVerseModel.swift in Sources */ = {isa = PBXBuildFile; fileRef = 08AB177F2ABD351600813AA4 /* BibleVerseModel.swift */; };
		08AB17822ABD357800813AA4 /* BibleNetwork.swift in Sources */ = {isa = PBXBuildFile; fileRef = 08AB17812ABD357800813AA4 /* BibleNetwork.swift */; };
		08AB17842ABD360900813AA4 /* BibleVerseView.swift in Sources */ = {isa = PBXBuildFile; fileRef = 08AB17832ABD360900813AA4 /* BibleVerseView.swift */; };
		08AB17862ABD397800813AA4 /* BibleVerseViewModel.swift in Sources */ = {isa = PBXBuildFile; fileRef = 08AB17852ABD397800813AA4 /* BibleVerseViewModel.swift */; };
		08E6291E2ADF646000891626 /* RequestMaker.swift in Sources */ = {isa = PBXBuildFile; fileRef = 08E6291D2ADF646000891626 /* RequestMaker.swift */; };
		08E629202ADF649100891626 /* RequestMaking.swift in Sources */ = {isa = PBXBuildFile; fileRef = 08E6291F2ADF649100891626 /* RequestMaking.swift */; };
		08E629222ADF64C100891626 /* NetworkError.swift in Sources */ = {isa = PBXBuildFile; fileRef = 08E629212ADF64C100891626 /* NetworkError.swift */; };
		08E629242ADF687F00891626 /* RequestSending.swift in Sources */ = {isa = PBXBuildFile; fileRef = 08E629232ADF687F00891626 /* RequestSending.swift */; };
		08E629262ADF6B8C00891626 /* Fetching.swift in Sources */ = {isa = PBXBuildFile; fileRef = 08E629252ADF6B8C00891626 /* Fetching.swift */; };
/* End PBXBuildFile section */

/* Begin PBXContainerItemProxy section */
		081715B22B87DEAA00CBC667 /* PBXContainerItemProxy */ = {
			isa = PBXContainerItemProxy;
			containerPortal = 08AB172A2ABBCCE300813AA4 /* Project object */;
			proxyType = 1;
			remoteGlobalIDString = 08AB17312ABBCCE300813AA4;
			remoteInfo = "Ahavat Yeshua";
		};
		086EE0862DB1E86E007515C6 /* PBXContainerItemProxy */ = {
			isa = PBXContainerItemProxy;
			containerPortal = 08AB172A2ABBCCE300813AA4 /* Project object */;
			proxyType = 1;
			remoteGlobalIDString = 086EE0732DB1E86C007515C6;
			remoteInfo = "Ahavat Yeshua WidgetExtension";
		};
/* End PBXContainerItemProxy section */

/* Begin PBXCopyFilesBuildPhase section */
		086EE08C2DB1E86E007515C6 /* Embed Foundation Extensions */ = {
			isa = PBXCopyFilesBuildPhase;
			buildActionMask = 2147483647;
			dstPath = "";
			dstSubfolderSpec = 13;
			files = (
				086EE0882DB1E86E007515C6 /* Ahavat Yeshua WidgetExtension.appex in Embed Foundation Extensions */,
			);
			name = "Embed Foundation Extensions";
			runOnlyForDeploymentPostprocessing = 0;
		};
/* End PBXCopyFilesBuildPhase section */

/* Begin PBXFileReference section */
		081715AC2B87DEAA00CBC667 /* UITests.xctest */ = {isa = PBXFileReference; explicitFileType = wrapper.cfbundle; includeInIndex = 0; path = UITests.xctest; sourceTree = BUILT_PRODUCTS_DIR; };
		081715AE2B87DEAA00CBC667 /* UITests.swift */ = {isa = PBXFileReference; lastKnownFileType = sourcecode.swift; path = UITests.swift; sourceTree = "<group>"; };
		086EE0642DB1C876007515C6 /* TodoView.swift */ = {isa = PBXFileReference; lastKnownFileType = sourcecode.swift; path = TodoView.swift; sourceTree = "<group>"; };
		086EE0662DB1CA17007515C6 /* MultiSelectionView.swift */ = {isa = PBXFileReference; lastKnownFileType = sourcecode.swift; path = MultiSelectionView.swift; sourceTree = "<group>"; };
		086EE0692DB1CB90007515C6 /* SelectionSummaryView.swift */ = {isa = PBXFileReference; lastKnownFileType = sourcecode.swift; path = SelectionSummaryView.swift; sourceTree = "<group>"; };
		086EE06F2DB1E2E9007515C6 /* Ahavat-Yeshua-Info.plist */ = {isa = PBXFileReference; lastKnownFileType = text.plist; path = "Ahavat-Yeshua-Info.plist"; sourceTree = SOURCE_ROOT; };
		086EE0742DB1E86C007515C6 /* Ahavat Yeshua WidgetExtension.appex */ = {isa = PBXFileReference; explicitFileType = "wrapper.app-extension"; includeInIndex = 0; path = "Ahavat Yeshua WidgetExtension.appex"; sourceTree = BUILT_PRODUCTS_DIR; };
		086EE0762DB1E86C007515C6 /* WidgetKit.framework */ = {isa = PBXFileReference; lastKnownFileType = wrapper.framework; name = WidgetKit.framework; path = System/Library/Frameworks/WidgetKit.framework; sourceTree = SDKROOT; };
		086EE0782DB1E86C007515C6 /* SwiftUI.framework */ = {isa = PBXFileReference; lastKnownFileType = wrapper.framework; name = SwiftUI.framework; path = System/Library/Frameworks/SwiftUI.framework; sourceTree = SDKROOT; };
		086EE07B2DB1E86C007515C6 /* Ahavat_Yeshua_WidgetBundle.swift */ = {isa = PBXFileReference; lastKnownFileType = sourcecode.swift; path = Ahavat_Yeshua_WidgetBundle.swift; sourceTree = "<group>"; };
		086EE07D2DB1E86C007515C6 /* Ahavat_Yeshua_WidgetLiveActivity.swift */ = {isa = PBXFileReference; lastKnownFileType = sourcecode.swift; path = Ahavat_Yeshua_WidgetLiveActivity.swift; sourceTree = "<group>"; };
		086EE07F2DB1E86C007515C6 /* Ahavat_Yeshua_Widget.swift */ = {isa = PBXFileReference; lastKnownFileType = sourcecode.swift; path = Ahavat_Yeshua_Widget.swift; sourceTree = "<group>"; };
		086EE0812DB1E86C007515C6 /* AppIntent.swift */ = {isa = PBXFileReference; lastKnownFileType = sourcecode.swift; path = AppIntent.swift; sourceTree = "<group>"; };
		086EE0832DB1E86E007515C6 /* Assets.xcassets */ = {isa = PBXFileReference; lastKnownFileType = folder.assetcatalog; path = Assets.xcassets; sourceTree = "<group>"; };
		086EE0852DB1E86E007515C6 /* Info.plist */ = {isa = PBXFileReference; lastKnownFileType = text.plist.xml; path = Info.plist; sourceTree = "<group>"; };
		08AB17322ABBCCE300813AA4 /* Ahavat Yeshua.app */ = {isa = PBXFileReference; explicitFileType = wrapper.application; includeInIndex = 0; path = "Ahavat Yeshua.app"; sourceTree = BUILT_PRODUCTS_DIR; };
		08AB17352ABBCCE300813AA4 /* Ahavat_YeshuaApp.swift */ = {isa = PBXFileReference; lastKnownFileType = sourcecode.swift; path = Ahavat_YeshuaApp.swift; sourceTree = "<group>"; };
		08AB17372ABBCCE300813AA4 /* ContentView.swift */ = {isa = PBXFileReference; lastKnownFileType = sourcecode.swift; path = ContentView.swift; sourceTree = "<group>"; };
		08AB17392ABBCCE400813AA4 /* Assets.xcassets */ = {isa = PBXFileReference; lastKnownFileType = folder.assetcatalog; path = Assets.xcassets; sourceTree = "<group>"; };
		08AB173C2ABBCCE400813AA4 /* Preview Assets.xcassets */ = {isa = PBXFileReference; lastKnownFileType = folder.assetcatalog; path = "Preview Assets.xcassets"; sourceTree = "<group>"; };
		08AB17442ABBCF2E00813AA4 /* HomeView.swift */ = {isa = PBXFileReference; lastKnownFileType = sourcecode.swift; path = HomeView.swift; sourceTree = "<group>"; };
		08AB17462ABBCFBA00813AA4 /* BibleStudyView.swift */ = {isa = PBXFileReference; lastKnownFileType = sourcecode.swift; path = BibleStudyView.swift; sourceTree = "<group>"; };
		08AB17482ABBD00900813AA4 /* ExploreView.swift */ = {isa = PBXFileReference; lastKnownFileType = sourcecode.swift; path = ExploreView.swift; sourceTree = "<group>"; };
		08AB174C2ABBD18F00813AA4 /* TabBarItem.swift */ = {isa = PBXFileReference; lastKnownFileType = sourcecode.swift; path = TabBarItem.swift; sourceTree = "<group>"; };
		08AB174E2ABBD1EC00813AA4 /* SFSymbols.swift */ = {isa = PBXFileReference; lastKnownFileType = sourcecode.swift; path = SFSymbols.swift; sourceTree = "<group>"; };
		08AB17532ABBD96700813AA4 /* WebView.swift */ = {isa = PBXFileReference; lastKnownFileType = sourcecode.swift; path = WebView.swift; sourceTree = "<group>"; };
		08AB17592ABBE37300813AA4 /* WebViewRepresentable.swift */ = {isa = PBXFileReference; lastKnownFileType = sourcecode.swift; path = WebViewRepresentable.swift; sourceTree = "<group>"; };
		08AB175D2ABBEFF700813AA4 /* BibleReadingView.swift */ = {isa = PBXFileReference; lastKnownFileType = sourcecode.swift; path = BibleReadingView.swift; sourceTree = "<group>"; };
		08AB175F2ABBF02D00813AA4 /* ProfileView.swift */ = {isa = PBXFileReference; lastKnownFileType = sourcecode.swift; path = ProfileView.swift; sourceTree = "<group>"; };
		08AB17612ABBF03F00813AA4 /* DonationView.swift */ = {isa = PBXFileReference; lastKnownFileType = sourcecode.swift; path = DonationView.swift; sourceTree = "<group>"; };
		08AB17632ABBF04E00813AA4 /* LiveStreamView.swift */ = {isa = PBXFileReference; lastKnownFileType = sourcecode.swift; path = LiveStreamView.swift; sourceTree = "<group>"; };
		08AB17652ABBF95A00813AA4 /* ChurchInformationView.swift */ = {isa = PBXFileReference; lastKnownFileType = sourcecode.swift; path = ChurchInformationView.swift; sourceTree = "<group>"; };
		08AB17672ABBF99C00813AA4 /* PersonalInformationView.swift */ = {isa = PBXFileReference; lastKnownFileType = sourcecode.swift; path = PersonalInformationView.swift; sourceTree = "<group>"; };
		08AB17692ABD167500813AA4 /* SingleRow.swift */ = {isa = PBXFileReference; lastKnownFileType = sourcecode.swift; path = SingleRow.swift; sourceTree = "<group>"; };
		08AB176B2ABD173800813AA4 /* SingleRowLink.swift */ = {isa = PBXFileReference; lastKnownFileType = sourcecode.swift; path = SingleRowLink.swift; sourceTree = "<group>"; };
		08AB176D2ABD1A1A00813AA4 /* SquareView.swift */ = {isa = PBXFileReference; lastKnownFileType = sourcecode.swift; path = SquareView.swift; sourceTree = "<group>"; };
		08AB17702ABD1B2200813AA4 /* ChurchInfoContext.swift */ = {isa = PBXFileReference; lastKnownFileType = sourcecode.swift; path = ChurchInfoContext.swift; sourceTree = "<group>"; };
		08AB17772ABD294100813AA4 /* EmailInputView.swift */ = {isa = PBXFileReference; lastKnownFileType = sourcecode.swift; path = EmailInputView.swift; sourceTree = "<group>"; };
		08AB17792ABD2A9300813AA4 /* DOBView.swift */ = {isa = PBXFileReference; lastKnownFileType = sourcecode.swift; path = DOBView.swift; sourceTree = "<group>"; };
		08AB177C2ABD2E7800813AA4 /* UserSettings.swift */ = {isa = PBXFileReference; lastKnownFileType = sourcecode.swift; path = UserSettings.swift; sourceTree = "<group>"; };
		08AB177F2ABD351600813AA4 /* BibleVerseModel.swift */ = {isa = PBXFileReference; lastKnownFileType = sourcecode.swift; path = BibleVerseModel.swift; sourceTree = "<group>"; };
		08AB17812ABD357800813AA4 /* BibleNetwork.swift */ = {isa = PBXFileReference; lastKnownFileType = sourcecode.swift; path = BibleNetwork.swift; sourceTree = "<group>"; };
		08AB17832ABD360900813AA4 /* BibleVerseView.swift */ = {isa = PBXFileReference; lastKnownFileType = sourcecode.swift; path = BibleVerseView.swift; sourceTree = "<group>"; };
		08AB17852ABD397800813AA4 /* BibleVerseViewModel.swift */ = {isa = PBXFileReference; lastKnownFileType = sourcecode.swift; path = BibleVerseViewModel.swift; sourceTree = "<group>"; };
		08E6291D2ADF646000891626 /* RequestMaker.swift */ = {isa = PBXFileReference; lastKnownFileType = sourcecode.swift; path = RequestMaker.swift; sourceTree = "<group>"; };
		08E6291F2ADF649100891626 /* RequestMaking.swift */ = {isa = PBXFileReference; lastKnownFileType = sourcecode.swift; path = RequestMaking.swift; sourceTree = "<group>"; };
		08E629212ADF64C100891626 /* NetworkError.swift */ = {isa = PBXFileReference; lastKnownFileType = sourcecode.swift; path = NetworkError.swift; sourceTree = "<group>"; };
		08E629232ADF687F00891626 /* RequestSending.swift */ = {isa = PBXFileReference; lastKnownFileType = sourcecode.swift; path = RequestSending.swift; sourceTree = "<group>"; };
		08E629252ADF6B8C00891626 /* Fetching.swift */ = {isa = PBXFileReference; lastKnownFileType = sourcecode.swift; path = Fetching.swift; sourceTree = "<group>"; };
/* End PBXFileReference section */

/* Begin PBXFrameworksBuildPhase section */
		081715A92B87DEAA00CBC667 /* Frameworks */ = {
			isa = PBXFrameworksBuildPhase;
			buildActionMask = 2147483647;
			files = (
			);
			runOnlyForDeploymentPostprocessing = 0;
		};
		086EE0712DB1E86C007515C6 /* Frameworks */ = {
			isa = PBXFrameworksBuildPhase;
			buildActionMask = 2147483647;
			files = (
				086EE0792DB1E86C007515C6 /* SwiftUI.framework in Frameworks */,
				086EE0772DB1E86C007515C6 /* WidgetKit.framework in Frameworks */,
			);
			runOnlyForDeploymentPostprocessing = 0;
		};
		08AB172F2ABBCCE300813AA4 /* Frameworks */ = {
			isa = PBXFrameworksBuildPhase;
			buildActionMask = 2147483647;
			files = (
			);
			runOnlyForDeploymentPostprocessing = 0;
		};
/* End PBXFrameworksBuildPhase section */

/* Begin PBXGroup section */
		081715AD2B87DEAA00CBC667 /* UITests */ = {
			isa = PBXGroup;
			children = (
				081715AE2B87DEAA00CBC667 /* UITests.swift */,
			);
			path = UITests;
			sourceTree = "<group>";
		};
		086EE0682DB1CB68007515C6 /* Multi-selection */ = {
			isa = PBXGroup;
			children = (
				086EE0662DB1CA17007515C6 /* MultiSelectionView.swift */,
				086EE0692DB1CB90007515C6 /* SelectionSummaryView.swift */,
			);
			path = "Multi-selection";
			sourceTree = "<group>";
		};
		086EE0752DB1E86C007515C6 /* Frameworks */ = {
			isa = PBXGroup;
			children = (
				086EE0762DB1E86C007515C6 /* WidgetKit.framework */,
				086EE0782DB1E86C007515C6 /* SwiftUI.framework */,
			);
			name = Frameworks;
			sourceTree = "<group>";
		};
		086EE07A2DB1E86C007515C6 /* Ahavat Yeshua Widget */ = {
			isa = PBXGroup;
			children = (
				086EE07B2DB1E86C007515C6 /* Ahavat_Yeshua_WidgetBundle.swift */,
				086EE07D2DB1E86C007515C6 /* Ahavat_Yeshua_WidgetLiveActivity.swift */,
				086EE07F2DB1E86C007515C6 /* Ahavat_Yeshua_Widget.swift */,
				086EE0812DB1E86C007515C6 /* AppIntent.swift */,
				086EE0832DB1E86E007515C6 /* Assets.xcassets */,
				086EE0852DB1E86E007515C6 /* Info.plist */,
			);
			path = "Ahavat Yeshua Widget";
			sourceTree = "<group>";
		};
		08AB17292ABBCCE300813AA4 = {
			isa = PBXGroup;
			children = (
				08AB17342ABBCCE300813AA4 /* Ahavat Yeshua */,
				081715AD2B87DEAA00CBC667 /* UITests */,
				086EE07A2DB1E86C007515C6 /* Ahavat Yeshua Widget */,
				086EE0752DB1E86C007515C6 /* Frameworks */,
				08AB17332ABBCCE300813AA4 /* Products */,
			);
			sourceTree = "<group>";
		};
		08AB17332ABBCCE300813AA4 /* Products */ = {
			isa = PBXGroup;
			children = (
				08AB17322ABBCCE300813AA4 /* Ahavat Yeshua.app */,
				081715AC2B87DEAA00CBC667 /* UITests.xctest */,
				086EE0742DB1E86C007515C6 /* Ahavat Yeshua WidgetExtension.appex */,
			);
			name = Products;
			sourceTree = "<group>";
		};
		08AB17342ABBCCE300813AA4 /* Ahavat Yeshua */ = {
			isa = PBXGroup;
			children = (
				086EE06F2DB1E2E9007515C6 /* Ahavat-Yeshua-Info.plist */,
				08AB174A2ABBD04100813AA4 /* Foundation */,
				08AB17432ABBCF0F00813AA4 /* Views */,
				08AB17352ABBCCE300813AA4 /* Ahavat_YeshuaApp.swift */,
				08AB17372ABBCCE300813AA4 /* ContentView.swift */,
				08AB17392ABBCCE400813AA4 /* Assets.xcassets */,
				08AB173B2ABBCCE400813AA4 /* Preview Content */,
			);
			path = "Ahavat Yeshua";
			sourceTree = "<group>";
		};
		08AB173B2ABBCCE400813AA4 /* Preview Content */ = {
			isa = PBXGroup;
			children = (
				08AB173C2ABBCCE400813AA4 /* Preview Assets.xcassets */,
			);
			path = "Preview Content";
			sourceTree = "<group>";
		};
		08AB17432ABBCF0F00813AA4 /* Views */ = {
			isa = PBXGroup;
			children = (
				08AB175C2ABBEFE400813AA4 /* HomeView */,
				08AB175B2ABBEFC900813AA4 /* TabBarView */,
			);
			path = Views;
			sourceTree = "<group>";
		};
		08AB174A2ABBD04100813AA4 /* Foundation */ = {
			isa = PBXGroup;
			children = (
				08E6291C2ADF644B00891626 /* Network */,
				08AB17892ABD56EC00813AA4 /* Purchase */,
				08AB177B2ABD2E6600813AA4 /* Security */,
				08AB174B2ABBD04F00813AA4 /* UserInterface */,
			);
			path = Foundation;
			sourceTree = "<group>";
		};
		08AB174B2ABBD04F00813AA4 /* UserInterface */ = {
			isa = PBXGroup;
			children = (
				08AB177E2ABD34FA00813AA4 /* BibleFeature */,
				08AB17522ABBD95100813AA4 /* WebView */,
				08AB174C2ABBD18F00813AA4 /* TabBarItem.swift */,
				08AB174E2ABBD1EC00813AA4 /* SFSymbols.swift */,
				08AB17692ABD167500813AA4 /* SingleRow.swift */,
				08AB176B2ABD173800813AA4 /* SingleRowLink.swift */,
				08AB176D2ABD1A1A00813AA4 /* SquareView.swift */,
				08AB17772ABD294100813AA4 /* EmailInputView.swift */,
				08AB17792ABD2A9300813AA4 /* DOBView.swift */,
			);
			path = UserInterface;
			sourceTree = "<group>";
		};
		08AB17522ABBD95100813AA4 /* WebView */ = {
			isa = PBXGroup;
			children = (
				08AB17532ABBD96700813AA4 /* WebView.swift */,
				08AB17592ABBE37300813AA4 /* WebViewRepresentable.swift */,
			);
			path = WebView;
			sourceTree = "<group>";
		};
		08AB175B2ABBEFC900813AA4 /* TabBarView */ = {
			isa = PBXGroup;
			children = (
				08AB17462ABBCFBA00813AA4 /* BibleStudyView.swift */,
				08AB17482ABBD00900813AA4 /* ExploreView.swift */,
				08AB17442ABBCF2E00813AA4 /* HomeView.swift */,
			);
			path = TabBarView;
			sourceTree = "<group>";
		};
		08AB175C2ABBEFE400813AA4 /* HomeView */ = {
			isa = PBXGroup;
			children = (
				086EE0682DB1CB68007515C6 /* Multi-selection */,
				08AB176F2ABD1AFA00813AA4 /* ChurchInfo */,
				08AB175D2ABBEFF700813AA4 /* BibleReadingView.swift */,
				08AB175F2ABBF02D00813AA4 /* ProfileView.swift */,
				08AB17612ABBF03F00813AA4 /* DonationView.swift */,
				08AB17632ABBF04E00813AA4 /* LiveStreamView.swift */,
				08AB17672ABBF99C00813AA4 /* PersonalInformationView.swift */,
				086EE0642DB1C876007515C6 /* TodoView.swift */,
			);
			path = HomeView;
			sourceTree = "<group>";
		};
		08AB176F2ABD1AFA00813AA4 /* ChurchInfo */ = {
			isa = PBXGroup;
			children = (
				08AB17652ABBF95A00813AA4 /* ChurchInformationView.swift */,
				08AB17702ABD1B2200813AA4 /* ChurchInfoContext.swift */,
			);
			path = ChurchInfo;
			sourceTree = "<group>";
		};
		08AB177B2ABD2E6600813AA4 /* Security */ = {
			isa = PBXGroup;
			children = (
				08AB177C2ABD2E7800813AA4 /* UserSettings.swift */,
			);
			path = Security;
			sourceTree = "<group>";
		};
		08AB177E2ABD34FA00813AA4 /* BibleFeature */ = {
			isa = PBXGroup;
			children = (
				08AB177F2ABD351600813AA4 /* BibleVerseModel.swift */,
				08AB17812ABD357800813AA4 /* BibleNetwork.swift */,
				08AB17832ABD360900813AA4 /* BibleVerseView.swift */,
				08AB17852ABD397800813AA4 /* BibleVerseViewModel.swift */,
			);
			path = BibleFeature;
			sourceTree = "<group>";
		};
		08AB17892ABD56EC00813AA4 /* Purchase */ = {
			isa = PBXGroup;
			children = (
			);
			path = Purchase;
			sourceTree = "<group>";
		};
		08E6291C2ADF644B00891626 /* Network */ = {
			isa = PBXGroup;
			children = (
				08E6291D2ADF646000891626 /* RequestMaker.swift */,
				08E6291F2ADF649100891626 /* RequestMaking.swift */,
				08E629212ADF64C100891626 /* NetworkError.swift */,
				08E629232ADF687F00891626 /* RequestSending.swift */,
				08E629252ADF6B8C00891626 /* Fetching.swift */,
			);
			path = Network;
			sourceTree = "<group>";
		};
/* End PBXGroup section */

/* Begin PBXNativeTarget section */
		081715AB2B87DEAA00CBC667 /* UITests */ = {
			isa = PBXNativeTarget;
			buildConfigurationList = 081715B62B87DEAA00CBC667 /* Build configuration list for PBXNativeTarget "UITests" */;
			buildPhases = (
				081715A82B87DEAA00CBC667 /* Sources */,
				081715A92B87DEAA00CBC667 /* Frameworks */,
				081715AA2B87DEAA00CBC667 /* Resources */,
			);
			buildRules = (
			);
			dependencies = (
				081715B32B87DEAA00CBC667 /* PBXTargetDependency */,
			);
			name = UITests;
			productName = UITests;
			productReference = 081715AC2B87DEAA00CBC667 /* UITests.xctest */;
			productType = "com.apple.product-type.bundle.ui-testing";
		};
		086EE0732DB1E86C007515C6 /* Ahavat Yeshua WidgetExtension */ = {
			isa = PBXNativeTarget;
			buildConfigurationList = 086EE0892DB1E86E007515C6 /* Build configuration list for PBXNativeTarget "Ahavat Yeshua WidgetExtension" */;
			buildPhases = (
				086EE0702DB1E86C007515C6 /* Sources */,
				086EE0712DB1E86C007515C6 /* Frameworks */,
				086EE0722DB1E86C007515C6 /* Resources */,
			);
			buildRules = (
			);
			dependencies = (
			);
			name = "Ahavat Yeshua WidgetExtension";
			productName = "Ahavat Yeshua WidgetExtension";
			productReference = 086EE0742DB1E86C007515C6 /* Ahavat Yeshua WidgetExtension.appex */;
			productType = "com.apple.product-type.app-extension";
		};
		08AB17312ABBCCE300813AA4 /* Ahavat Yeshua */ = {
			isa = PBXNativeTarget;
			buildConfigurationList = 08AB17402ABBCCE400813AA4 /* Build configuration list for PBXNativeTarget "Ahavat Yeshua" */;
			buildPhases = (
				08AB172E2ABBCCE300813AA4 /* Sources */,
				08AB172F2ABBCCE300813AA4 /* Frameworks */,
				08AB17302ABBCCE300813AA4 /* Resources */,
				086EE08C2DB1E86E007515C6 /* Embed Foundation Extensions */,
			);
			buildRules = (
			);
			dependencies = (
				086EE0872DB1E86E007515C6 /* PBXTargetDependency */,
			);
			name = "Ahavat Yeshua";
			productName = "Ahavat Yeshua";
			productReference = 08AB17322ABBCCE300813AA4 /* Ahavat Yeshua.app */;
			productType = "com.apple.product-type.application";
		};
/* End PBXNativeTarget section */

/* Begin PBXProject section */
		08AB172A2ABBCCE300813AA4 /* Project object */ = {
			isa = PBXProject;
			attributes = {
				BuildIndependentTargetsInParallel = 1;
				LastSwiftUpdateCheck = 1520;
				LastUpgradeCheck = 1500;
				TargetAttributes = {
					081715AB2B87DEAA00CBC667 = {
						CreatedOnToolsVersion = 15.2;
						TestTargetID = 08AB17312ABBCCE300813AA4;
					};
					086EE0732DB1E86C007515C6 = {
						CreatedOnToolsVersion = 15.2;
					};
					08AB17312ABBCCE300813AA4 = {
						CreatedOnToolsVersion = 15.0;
					};
				};
			};
			buildConfigurationList = 08AB172D2ABBCCE300813AA4 /* Build configuration list for PBXProject "Ahavat Yeshua" */;
			compatibilityVersion = "Xcode 14.0";
			developmentRegion = en;
			hasScannedForEncodings = 0;
			knownRegions = (
				en,
				Base,
			);
			mainGroup = 08AB17292ABBCCE300813AA4;
			productRefGroup = 08AB17332ABBCCE300813AA4 /* Products */;
			projectDirPath = "";
			projectRoot = "";
			targets = (
				08AB17312ABBCCE300813AA4 /* Ahavat Yeshua */,
				081715AB2B87DEAA00CBC667 /* UITests */,
				086EE0732DB1E86C007515C6 /* Ahavat Yeshua WidgetExtension */,
			);
		};
/* End PBXProject section */

/* Begin PBXResourcesBuildPhase section */
		081715AA2B87DEAA00CBC667 /* Resources */ = {
			isa = PBXResourcesBuildPhase;
			buildActionMask = 2147483647;
			files = (
			);
			runOnlyForDeploymentPostprocessing = 0;
		};
		086EE0722DB1E86C007515C6 /* Resources */ = {
			isa = PBXResourcesBuildPhase;
			buildActionMask = 2147483647;
			files = (
				086EE0842DB1E86E007515C6 /* Assets.xcassets in Resources */,
			);
			runOnlyForDeploymentPostprocessing = 0;
		};
		08AB17302ABBCCE300813AA4 /* Resources */ = {
			isa = PBXResourcesBuildPhase;
			buildActionMask = 2147483647;
			files = (
				08AB173D2ABBCCE400813AA4 /* Preview Assets.xcassets in Resources */,
				08AB173A2ABBCCE400813AA4 /* Assets.xcassets in Resources */,
			);
			runOnlyForDeploymentPostprocessing = 0;
		};
/* End PBXResourcesBuildPhase section */

/* Begin PBXSourcesBuildPhase section */
		081715A82B87DEAA00CBC667 /* Sources */ = {
			isa = PBXSourcesBuildPhase;
			buildActionMask = 2147483647;
			files = (
				081715AF2B87DEAA00CBC667 /* UITests.swift in Sources */,
			);
			runOnlyForDeploymentPostprocessing = 0;
		};
		086EE0702DB1E86C007515C6 /* Sources */ = {
			isa = PBXSourcesBuildPhase;
			buildActionMask = 2147483647;
			files = (
				086EE07E2DB1E86C007515C6 /* Ahavat_Yeshua_WidgetLiveActivity.swift in Sources */,
				086EE0822DB1E86C007515C6 /* AppIntent.swift in Sources */,
				086EE07C2DB1E86C007515C6 /* Ahavat_Yeshua_WidgetBundle.swift in Sources */,
				086EE0802DB1E86C007515C6 /* Ahavat_Yeshua_Widget.swift in Sources */,
			);
			runOnlyForDeploymentPostprocessing = 0;
		};
		08AB172E2ABBCCE300813AA4 /* Sources */ = {
			isa = PBXSourcesBuildPhase;
			buildActionMask = 2147483647;
			files = (
				08AB17622ABBF03F00813AA4 /* DonationView.swift in Sources */,
				08E629222ADF64C100891626 /* NetworkError.swift in Sources */,
				08AB175A2ABBE37300813AA4 /* WebViewRepresentable.swift in Sources */,
				08AB174D2ABBD18F00813AA4 /* TabBarItem.swift in Sources */,
				08AB17542ABBD96700813AA4 /* WebView.swift in Sources */,
				08AB176A2ABD167500813AA4 /* SingleRow.swift in Sources */,
				086EE0672DB1CA17007515C6 /* MultiSelectionView.swift in Sources */,
				08AB17452ABBCF2E00813AA4 /* HomeView.swift in Sources */,
				08AB17472ABBCFBA00813AA4 /* BibleStudyView.swift in Sources */,
				08AB174F2ABBD1EC00813AA4 /* SFSymbols.swift in Sources */,
				08AB17382ABBCCE300813AA4 /* ContentView.swift in Sources */,
				08AB175E2ABBEFF700813AA4 /* BibleReadingView.swift in Sources */,
				08E629202ADF649100891626 /* RequestMaking.swift in Sources */,
				08AB17782ABD294100813AA4 /* EmailInputView.swift in Sources */,
				08AB17712ABD1B2200813AA4 /* ChurchInfoContext.swift in Sources */,
				08AB17642ABBF04E00813AA4 /* LiveStreamView.swift in Sources */,
				08AB17822ABD357800813AA4 /* BibleNetwork.swift in Sources */,
				08AB17662ABBF95A00813AA4 /* ChurchInformationView.swift in Sources */,
				08AB17682ABBF99C00813AA4 /* PersonalInformationView.swift in Sources */,
				08AB176C2ABD173800813AA4 /* SingleRowLink.swift in Sources */,
				08AB177A2ABD2A9300813AA4 /* DOBView.swift in Sources */,
				08AB17362ABBCCE300813AA4 /* Ahavat_YeshuaApp.swift in Sources */,
				08E6291E2ADF646000891626 /* RequestMaker.swift in Sources */,
				08E629262ADF6B8C00891626 /* Fetching.swift in Sources */,
				08AB176E2ABD1A1A00813AA4 /* SquareView.swift in Sources */,
				08AB17802ABD351600813AA4 /* BibleVerseModel.swift in Sources */,
				086EE06A2DB1CB90007515C6 /* SelectionSummaryView.swift in Sources */,
				08AB17602ABBF02D00813AA4 /* ProfileView.swift in Sources */,
				086EE0652DB1C876007515C6 /* TodoView.swift in Sources */,
				08AB17842ABD360900813AA4 /* BibleVerseView.swift in Sources */,
				08AB17862ABD397800813AA4 /* BibleVerseViewModel.swift in Sources */,
				08AB17492ABBD00900813AA4 /* ExploreView.swift in Sources */,
				08E629242ADF687F00891626 /* RequestSending.swift in Sources */,
				08AB177D2ABD2E7800813AA4 /* UserSettings.swift in Sources */,
			);
			runOnlyForDeploymentPostprocessing = 0;
		};
/* End PBXSourcesBuildPhase section */

/* Begin PBXTargetDependency section */
		081715B32B87DEAA00CBC667 /* PBXTargetDependency */ = {
			isa = PBXTargetDependency;
			target = 08AB17312ABBCCE300813AA4 /* Ahavat Yeshua */;
			targetProxy = 081715B22B87DEAA00CBC667 /* PBXContainerItemProxy */;
		};
		086EE0872DB1E86E007515C6 /* PBXTargetDependency */ = {
			isa = PBXTargetDependency;
			target = 086EE0732DB1E86C007515C6 /* Ahavat Yeshua WidgetExtension */;
			targetProxy = 086EE0862DB1E86E007515C6 /* PBXContainerItemProxy */;
		};
/* End PBXTargetDependency section */

/* Begin XCBuildConfiguration section */
		081715B42B87DEAA00CBC667 /* Debug */ = {
			isa = XCBuildConfiguration;
			buildSettings = {
				CODE_SIGN_STYLE = Automatic;
				CURRENT_PROJECT_VERSION = 1;
				DEVELOPMENT_TEAM = 25DZPJJA4Y;
				GENERATE_INFOPLIST_FILE = YES;
				IPHONEOS_DEPLOYMENT_TARGET = 17.2;
				MARKETING_VERSION = 1.0;
				PRODUCT_BUNDLE_IDENTIFIER = com.ipavlov.UITests;
				PRODUCT_NAME = "$(TARGET_NAME)";
				SWIFT_EMIT_LOC_STRINGS = NO;
				SWIFT_VERSION = 5.0;
				TARGETED_DEVICE_FAMILY = "1,2";
				TEST_TARGET_NAME = "Ahavat Yeshua";
			};
			name = Debug;
		};
		081715B52B87DEAA00CBC667 /* Release */ = {
			isa = XCBuildConfiguration;
			buildSettings = {
				CODE_SIGN_STYLE = Automatic;
				CURRENT_PROJECT_VERSION = 1;
				DEVELOPMENT_TEAM = 25DZPJJA4Y;
				GENERATE_INFOPLIST_FILE = YES;
				IPHONEOS_DEPLOYMENT_TARGET = 17.2;
				MARKETING_VERSION = 1.0;
				PRODUCT_BUNDLE_IDENTIFIER = com.ipavlov.UITests;
				PRODUCT_NAME = "$(TARGET_NAME)";
				SWIFT_EMIT_LOC_STRINGS = NO;
				SWIFT_VERSION = 5.0;
				TARGETED_DEVICE_FAMILY = "1,2";
				TEST_TARGET_NAME = "Ahavat Yeshua";
			};
			name = Release;
		};
		086EE08A2DB1E86E007515C6 /* Debug */ = {
			isa = XCBuildConfiguration;
			buildSettings = {
				ASSETCATALOG_COMPILER_GLOBAL_ACCENT_COLOR_NAME = AccentColor;
				ASSETCATALOG_COMPILER_WIDGET_BACKGROUND_COLOR_NAME = WidgetBackground;
				CODE_SIGN_STYLE = Automatic;
				CURRENT_PROJECT_VERSION = 1;
				DEVELOPMENT_TEAM = 25DZPJJA4Y;
				GENERATE_INFOPLIST_FILE = YES;
				INFOPLIST_FILE = "Ahavat Yeshua Widget/Info.plist";
				INFOPLIST_KEY_CFBundleDisplayName = "Ahavat Yeshua Widget";
				INFOPLIST_KEY_NSHumanReadableCopyright = "";
				IPHONEOS_DEPLOYMENT_TARGET = 17.2;
				LD_RUNPATH_SEARCH_PATHS = (
					"$(inherited)",
					"@executable_path/Frameworks",
					"@executable_path/../../Frameworks",
				);
				MARKETING_VERSION = 1.0;
				PRODUCT_BUNDLE_IDENTIFIER = "com.ipavlov.Ahavat-Yeshua.Ahavat-Yeshua-Widget";
				PRODUCT_NAME = "$(TARGET_NAME)";
				SKIP_INSTALL = YES;
				SWIFT_EMIT_LOC_STRINGS = YES;
				SWIFT_VERSION = 5.0;
				TARGETED_DEVICE_FAMILY = "1,2";
			};
			name = Debug;
		};
		086EE08B2DB1E86E007515C6 /* Release */ = {
			isa = XCBuildConfiguration;
			buildSettings = {
				ASSETCATALOG_COMPILER_GLOBAL_ACCENT_COLOR_NAME = AccentColor;
				ASSETCATALOG_COMPILER_WIDGET_BACKGROUND_COLOR_NAME = WidgetBackground;
				CODE_SIGN_STYLE = Automatic;
				CURRENT_PROJECT_VERSION = 1;
				DEVELOPMENT_TEAM = 25DZPJJA4Y;
				GENERATE_INFOPLIST_FILE = YES;
				INFOPLIST_FILE = "Ahavat Yeshua Widget/Info.plist";
				INFOPLIST_KEY_CFBundleDisplayName = "Ahavat Yeshua Widget";
				INFOPLIST_KEY_NSHumanReadableCopyright = "";
				IPHONEOS_DEPLOYMENT_TARGET = 17.2;
				LD_RUNPATH_SEARCH_PATHS = (
					"$(inherited)",
					"@executable_path/Frameworks",
					"@executable_path/../../Frameworks",
				);
				MARKETING_VERSION = 1.0;
				PRODUCT_BUNDLE_IDENTIFIER = "com.ipavlov.Ahavat-Yeshua.Ahavat-Yeshua-Widget";
				PRODUCT_NAME = "$(TARGET_NAME)";
				SKIP_INSTALL = YES;
				SWIFT_EMIT_LOC_STRINGS = YES;
				SWIFT_VERSION = 5.0;
				TARGETED_DEVICE_FAMILY = "1,2";
			};
			name = Release;
		};
		08AB173E2ABBCCE400813AA4 /* Debug */ = {
			isa = XCBuildConfiguration;
			buildSettings = {
				ALWAYS_SEARCH_USER_PATHS = NO;
				ASSETCATALOG_COMPILER_GENERATE_SWIFT_ASSET_SYMBOL_EXTENSIONS = YES;
				CLANG_ANALYZER_NONNULL = YES;
				CLANG_ANALYZER_NUMBER_OBJECT_CONVERSION = YES_AGGRESSIVE;
				CLANG_CXX_LANGUAGE_STANDARD = "gnu++20";
				CLANG_ENABLE_MODULES = YES;
				CLANG_ENABLE_OBJC_ARC = YES;
				CLANG_ENABLE_OBJC_WEAK = YES;
				CLANG_WARN_BLOCK_CAPTURE_AUTORELEASING = YES;
				CLANG_WARN_BOOL_CONVERSION = YES;
				CLANG_WARN_COMMA = YES;
				CLANG_WARN_CONSTANT_CONVERSION = YES;
				CLANG_WARN_DEPRECATED_OBJC_IMPLEMENTATIONS = YES;
				CLANG_WARN_DIRECT_OBJC_ISA_USAGE = YES_ERROR;
				CLANG_WARN_DOCUMENTATION_COMMENTS = YES;
				CLANG_WARN_EMPTY_BODY = YES;
				CLANG_WARN_ENUM_CONVERSION = YES;
				CLANG_WARN_INFINITE_RECURSION = YES;
				CLANG_WARN_INT_CONVERSION = YES;
				CLANG_WARN_NON_LITERAL_NULL_CONVERSION = YES;
				CLANG_WARN_OBJC_IMPLICIT_RETAIN_SELF = YES;
				CLANG_WARN_OBJC_LITERAL_CONVERSION = YES;
				CLANG_WARN_OBJC_ROOT_CLASS = YES_ERROR;
				CLANG_WARN_QUOTED_INCLUDE_IN_FRAMEWORK_HEADER = YES;
				CLANG_WARN_RANGE_LOOP_ANALYSIS = YES;
				CLANG_WARN_STRICT_PROTOTYPES = YES;
				CLANG_WARN_SUSPICIOUS_MOVE = YES;
				CLANG_WARN_UNGUARDED_AVAILABILITY = YES_AGGRESSIVE;
				CLANG_WARN_UNREACHABLE_CODE = YES;
				CLANG_WARN__DUPLICATE_METHOD_MATCH = YES;
				COPY_PHASE_STRIP = NO;
				DEBUG_INFORMATION_FORMAT = dwarf;
				ENABLE_STRICT_OBJC_MSGSEND = YES;
				ENABLE_TESTABILITY = YES;
				ENABLE_USER_SCRIPT_SANDBOXING = YES;
				GCC_C_LANGUAGE_STANDARD = gnu17;
				GCC_DYNAMIC_NO_PIC = NO;
				GCC_NO_COMMON_BLOCKS = YES;
				GCC_OPTIMIZATION_LEVEL = 0;
				GCC_PREPROCESSOR_DEFINITIONS = (
					"DEBUG=1",
					"$(inherited)",
				);
				GCC_WARN_64_TO_32_BIT_CONVERSION = YES;
				GCC_WARN_ABOUT_RETURN_TYPE = YES_ERROR;
				GCC_WARN_UNDECLARED_SELECTOR = YES;
				GCC_WARN_UNINITIALIZED_AUTOS = YES_AGGRESSIVE;
				GCC_WARN_UNUSED_FUNCTION = YES;
				GCC_WARN_UNUSED_VARIABLE = YES;
				IPHONEOS_DEPLOYMENT_TARGET = 16.6;
				LOCALIZATION_PREFERS_STRING_CATALOGS = YES;
				MTL_ENABLE_DEBUG_INFO = INCLUDE_SOURCE;
				MTL_FAST_MATH = YES;
				ONLY_ACTIVE_ARCH = YES;
				SDKROOT = iphoneos;
				SWIFT_ACTIVE_COMPILATION_CONDITIONS = "DEBUG $(inherited)";
				SWIFT_OPTIMIZATION_LEVEL = "-Onone";
			};
			name = Debug;
		};
		08AB173F2ABBCCE400813AA4 /* Release */ = {
			isa = XCBuildConfiguration;
			buildSettings = {
				ALWAYS_SEARCH_USER_PATHS = NO;
				ASSETCATALOG_COMPILER_GENERATE_SWIFT_ASSET_SYMBOL_EXTENSIONS = YES;
				CLANG_ANALYZER_NONNULL = YES;
				CLANG_ANALYZER_NUMBER_OBJECT_CONVERSION = YES_AGGRESSIVE;
				CLANG_CXX_LANGUAGE_STANDARD = "gnu++20";
				CLANG_ENABLE_MODULES = YES;
				CLANG_ENABLE_OBJC_ARC = YES;
				CLANG_ENABLE_OBJC_WEAK = YES;
				CLANG_WARN_BLOCK_CAPTURE_AUTORELEASING = YES;
				CLANG_WARN_BOOL_CONVERSION = YES;
				CLANG_WARN_COMMA = YES;
				CLANG_WARN_CONSTANT_CONVERSION = YES;
				CLANG_WARN_DEPRECATED_OBJC_IMPLEMENTATIONS = YES;
				CLANG_WARN_DIRECT_OBJC_ISA_USAGE = YES_ERROR;
				CLANG_WARN_DOCUMENTATION_COMMENTS = YES;
				CLANG_WARN_EMPTY_BODY = YES;
				CLANG_WARN_ENUM_CONVERSION = YES;
				CLANG_WARN_INFINITE_RECURSION = YES;
				CLANG_WARN_INT_CONVERSION = YES;
				CLANG_WARN_NON_LITERAL_NULL_CONVERSION = YES;
				CLANG_WARN_OBJC_IMPLICIT_RETAIN_SELF = YES;
				CLANG_WARN_OBJC_LITERAL_CONVERSION = YES;
				CLANG_WARN_OBJC_ROOT_CLASS = YES_ERROR;
				CLANG_WARN_QUOTED_INCLUDE_IN_FRAMEWORK_HEADER = YES;
				CLANG_WARN_RANGE_LOOP_ANALYSIS = YES;
				CLANG_WARN_STRICT_PROTOTYPES = YES;
				CLANG_WARN_SUSPICIOUS_MOVE = YES;
				CLANG_WARN_UNGUARDED_AVAILABILITY = YES_AGGRESSIVE;
				CLANG_WARN_UNREACHABLE_CODE = YES;
				CLANG_WARN__DUPLICATE_METHOD_MATCH = YES;
				COPY_PHASE_STRIP = NO;
				DEBUG_INFORMATION_FORMAT = "dwarf-with-dsym";
				ENABLE_NS_ASSERTIONS = NO;
				ENABLE_STRICT_OBJC_MSGSEND = YES;
				ENABLE_USER_SCRIPT_SANDBOXING = YES;
				GCC_C_LANGUAGE_STANDARD = gnu17;
				GCC_NO_COMMON_BLOCKS = YES;
				GCC_WARN_64_TO_32_BIT_CONVERSION = YES;
				GCC_WARN_ABOUT_RETURN_TYPE = YES_ERROR;
				GCC_WARN_UNDECLARED_SELECTOR = YES;
				GCC_WARN_UNINITIALIZED_AUTOS = YES_AGGRESSIVE;
				GCC_WARN_UNUSED_FUNCTION = YES;
				GCC_WARN_UNUSED_VARIABLE = YES;
				IPHONEOS_DEPLOYMENT_TARGET = 16.6;
				LOCALIZATION_PREFERS_STRING_CATALOGS = YES;
				MTL_ENABLE_DEBUG_INFO = NO;
				MTL_FAST_MATH = YES;
				SDKROOT = iphoneos;
				SWIFT_COMPILATION_MODE = wholemodule;
				VALIDATE_PRODUCT = YES;
			};
			name = Release;
		};
		08AB17412ABBCCE400813AA4 /* Debug */ = {
			isa = XCBuildConfiguration;
			buildSettings = {
				ALWAYS_EMBED_SWIFT_STANDARD_LIBRARIES = YES;
				ASSETCATALOG_COMPILER_APPICON_NAME = AppIcon;
				ASSETCATALOG_COMPILER_GLOBAL_ACCENT_COLOR_NAME = AccentColor;
				ASSETCATALOG_COMPILER_INCLUDE_ALL_APPICON_ASSETS = YES;
				CODE_SIGN_STYLE = Automatic;
				CURRENT_PROJECT_VERSION = 1;
				DEVELOPMENT_ASSET_PATHS = "\"Ahavat Yeshua/Preview Content\"";
				DEVELOPMENT_TEAM = 25DZPJJA4Y;
				ENABLE_PREVIEWS = YES;
				GENERATE_INFOPLIST_FILE = YES;
				INFOPLIST_FILE = "Ahavat-Yeshua-Info.plist";
				INFOPLIST_KEY_CFBundleDisplayName = AY;
				INFOPLIST_KEY_UIApplicationSceneManifest_Generation = YES;
				INFOPLIST_KEY_UIApplicationSupportsIndirectInputEvents = YES;
				INFOPLIST_KEY_UILaunchStoryboardName = "";
				INFOPLIST_KEY_UIStatusBarStyle = UIStatusBarStyleLightContent;
				INFOPLIST_KEY_UISupportedInterfaceOrientations = UIInterfaceOrientationPortrait;
				INFOPLIST_KEY_UIUserInterfaceStyle = Light;
				IPHONEOS_DEPLOYMENT_TARGET = 17.0;
				LD_RUNPATH_SEARCH_PATHS = (
					"$(inherited)",
					"@executable_path/Frameworks",
				);
				MARKETING_VERSION = 1.0;
				PRODUCT_BUNDLE_IDENTIFIER = "com.ipavlov.Ahavat-Yeshua";
				PRODUCT_NAME = "$(TARGET_NAME)";
				SUPPORTED_PLATFORMS = "iphoneos iphonesimulator";
				SUPPORTS_MACCATALYST = NO;
				SUPPORTS_MAC_DESIGNED_FOR_IPHONE_IPAD = NO;
				SUPPORTS_XR_DESIGNED_FOR_IPHONE_IPAD = NO;
				SWIFT_EMIT_LOC_STRINGS = YES;
				SWIFT_VERSION = 5.0;
				TARGETED_DEVICE_FAMILY = "1,2";
			};
			name = Debug;
		};
		08AB17422ABBCCE400813AA4 /* Release */ = {
			isa = XCBuildConfiguration;
			buildSettings = {
				ALWAYS_EMBED_SWIFT_STANDARD_LIBRARIES = YES;
				ASSETCATALOG_COMPILER_APPICON_NAME = AppIcon;
				ASSETCATALOG_COMPILER_GLOBAL_ACCENT_COLOR_NAME = AccentColor;
				ASSETCATALOG_COMPILER_INCLUDE_ALL_APPICON_ASSETS = YES;
				CODE_SIGN_STYLE = Automatic;
				CURRENT_PROJECT_VERSION = 1;
				DEVELOPMENT_ASSET_PATHS = "\"Ahavat Yeshua/Preview Content\"";
				DEVELOPMENT_TEAM = 25DZPJJA4Y;
				ENABLE_PREVIEWS = YES;
				GENERATE_INFOPLIST_FILE = YES;
				INFOPLIST_FILE = "Ahavat-Yeshua-Info.plist";
				INFOPLIST_KEY_CFBundleDisplayName = AY;
				INFOPLIST_KEY_UIApplicationSceneManifest_Generation = YES;
				INFOPLIST_KEY_UIApplicationSupportsIndirectInputEvents = YES;
				INFOPLIST_KEY_UILaunchStoryboardName = "";
				INFOPLIST_KEY_UIStatusBarStyle = UIStatusBarStyleLightContent;
				INFOPLIST_KEY_UISupportedInterfaceOrientations = UIInterfaceOrientationPortrait;
				INFOPLIST_KEY_UIUserInterfaceStyle = Light;
				IPHONEOS_DEPLOYMENT_TARGET = 17.0;
				LD_RUNPATH_SEARCH_PATHS = (
					"$(inherited)",
					"@executable_path/Frameworks",
				);
				MARKETING_VERSION = 1.0;
				PRODUCT_BUNDLE_IDENTIFIER = "com.ipavlov.Ahavat-Yeshua";
				PRODUCT_NAME = "$(TARGET_NAME)";
				SUPPORTED_PLATFORMS = "iphoneos iphonesimulator";
				SUPPORTS_MACCATALYST = NO;
				SUPPORTS_MAC_DESIGNED_FOR_IPHONE_IPAD = NO;
				SUPPORTS_XR_DESIGNED_FOR_IPHONE_IPAD = NO;
				SWIFT_EMIT_LOC_STRINGS = YES;
				SWIFT_VERSION = 5.0;
				TARGETED_DEVICE_FAMILY = "1,2";
			};
			name = Release;
		};
/* End XCBuildConfiguration section */

/* Begin XCConfigurationList section */
		081715B62B87DEAA00CBC667 /* Build configuration list for PBXNativeTarget "UITests" */ = {
			isa = XCConfigurationList;
			buildConfigurations = (
				081715B42B87DEAA00CBC667 /* Debug */,
				081715B52B87DEAA00CBC667 /* Release */,
			);
			defaultConfigurationIsVisible = 0;
			defaultConfigurationName = Release;
		};
		086EE0892DB1E86E007515C6 /* Build configuration list for PBXNativeTarget "Ahavat Yeshua WidgetExtension" */ = {
			isa = XCConfigurationList;
			buildConfigurations = (
				086EE08A2DB1E86E007515C6 /* Debug */,
				086EE08B2DB1E86E007515C6 /* Release */,
			);
			defaultConfigurationIsVisible = 0;
			defaultConfigurationName = Release;
		};
		08AB172D2ABBCCE300813AA4 /* Build configuration list for PBXProject "Ahavat Yeshua" */ = {
			isa = XCConfigurationList;
			buildConfigurations = (
				08AB173E2ABBCCE400813AA4 /* Debug */,
				08AB173F2ABBCCE400813AA4 /* Release */,
			);
			defaultConfigurationIsVisible = 0;
			defaultConfigurationName = Release;
		};
		08AB17402ABBCCE400813AA4 /* Build configuration list for PBXNativeTarget "Ahavat Yeshua" */ = {
			isa = XCConfigurationList;
			buildConfigurations = (
				08AB17412ABBCCE400813AA4 /* Debug */,
				08AB17422ABBCCE400813AA4 /* Release */,
			);
			defaultConfigurationIsVisible = 0;
			defaultConfigurationName = Release;
		};
/* End XCConfigurationList section */
	};
	rootObject = 08AB172A2ABBCCE300813AA4 /* Project object */;
}
